{
  "version": 4,
  "terraform_version": "1.3.6",
  "serial": 464,
  "lineage": "7966a5d6-de17-06af-1e84-c37b3afbffc9",
  "outputs": {
    "public_ip_client": {
      "value": "34.159.25.185 34.107.109.84 34.159.249.168 35.246.153.142 34.159.241.80 34.89.229.56 34.89.135.221",
      "type": "string"
    },
    "public_ip_server": {
      "value": "35.198.138.241",
      "type": "string"
    }
  },
  "resources": [
    {
      "mode": "managed",
      "type": "google_compute_instance",
      "name": "client",
      "provider": "provider[\"registry.terraform.io/hashicorp/google\"]",
      "instances": [
        {
          "index_key": 0,
          "schema_version": 6,
          "attributes": {
            "advanced_machine_features": [],
            "allow_stopping_for_update": null,
            "attached_disk": [],
            "boot_disk": [
              {
                "auto_delete": true,
                "device_name": "persistent-disk-0",
                "disk_encryption_key_raw": "",
                "disk_encryption_key_sha256": "",
                "initialize_params": [
                  {
                    "image": "https://www.googleapis.com/compute/v1/projects/ubuntu-os-cloud/global/images/ubuntu-2204-jammy-v20221101a",
                    "labels": {},
                    "size": 40,
                    "type": "pd-standard"
                  }
                ],
                "kms_key_self_link": "",
                "mode": "READ_WRITE",
                "source": "https://www.googleapis.com/compute/v1/projects/csbws2223/zones/europe-west3-c/disks/prometheus-client1"
              }
            ],
            "can_ip_forward": false,
            "confidential_instance_config": [],
            "cpu_platform": "AMD Rome",
            "current_status": "RUNNING",
            "deletion_protection": false,
            "description": "",
            "desired_status": null,
            "enable_display": false,
            "guest_accelerator": [],
            "hostname": "",
            "id": "projects/csbws2223/zones/europe-west3-c/instances/prometheus-client1",
            "instance_id": "7351675839904143724",
            "label_fingerprint": "42WmSpB8rSM=",
            "labels": null,
            "machine_type": "e2-medium",
            "metadata": null,
            "metadata_fingerprint": "RforT-_9AxM=",
            "metadata_startup_script": "export DEBIAN_FRONTEND=noninteractive\nsudo apt update\nsudo apt upgrade -y\n\n#install curl\nsudo apt install -y curl\n#grab scripts from bucket\ncurl -X GET \\\n-H \"Authorization: Bearer ya29.a0AVvZVsr3XE02gKiprQVMoZXX01MgU__KKMue6NEmg785g-92EddjYUUYsgT01M4T-0OfxvM8lexNHTdDcN45Ht8xN4BzCRD9gI2FrWok-r2_vVxD5HxKa5-kgUK3Xnoy-0TBYSJMKZRL_VhNrN-700AGQnVOatEaCgYKASsSAQASFQGbdwaIiCj11Y0HTnrFjiZK1Q-y4w0166\" \\\n-o \"/tmp/change_metrics.sh\" \\\n\"https://storage.googleapis.com/storage/v1/b/scriptbucket_retrieval/o/change_metrics.sh?alt=media\"\n\nchmod +x /tmp/change_interval.sh\nchmod +x /tmp/change_metrics.sh\n\n#setup node exporter\nwget https://github.com/prometheus/node_exporter/releases/download/v1.5.0/node_exporter-1.5.0.linux-amd64.tar.gz\ntar xvfz node_exporter-1.5.0.linux-amd64.tar.gz\ncd node_exporter-1.5.0.linux-amd64\nmkdir /var/lib/node_exporter\n./node_exporter --collector.textfile.directory=/var/lib/node_exporter",
            "min_cpu_platform": "",
            "name": "prometheus-client1",
            "network_interface": [
              {
                "access_config": [
                  {
                    "nat_ip": "34.159.25.185",
                    "network_tier": "PREMIUM",
                    "public_ptr_domain_name": ""
                  }
                ],
                "alias_ip_range": [],
                "ipv6_access_config": [],
                "ipv6_access_type": "",
                "name": "nic0",
                "network": "https://www.googleapis.com/compute/v1/projects/csbws2223/global/networks/default",
                "network_ip": "10.156.0.61",
                "nic_type": "",
                "queue_count": 0,
                "stack_type": "IPV4_ONLY",
                "subnetwork": "https://www.googleapis.com/compute/v1/projects/csbws2223/regions/europe-west3/subnetworks/default",
                "subnetwork_project": "csbws2223"
              }
            ],
            "project": "csbws2223",
            "reservation_affinity": [],
            "resource_policies": null,
            "scheduling": [
              {
                "automatic_restart": true,
                "instance_termination_action": "",
                "min_node_cpus": 0,
                "node_affinities": [],
                "on_host_maintenance": "MIGRATE",
                "preemptible": false,
                "provisioning_model": "STANDARD"
              }
            ],
            "scratch_disk": [],
            "self_link": "https://www.googleapis.com/compute/v1/projects/csbws2223/zones/europe-west3-c/instances/prometheus-client1",
            "service_account": [],
            "shielded_instance_config": [
              {
                "enable_integrity_monitoring": true,
                "enable_secure_boot": false,
                "enable_vtpm": true
              }
            ],
            "tags": [
              "http-server",
              "https-server",
              "prometheus"
            ],
            "tags_fingerprint": "CBktl02rJzQ=",
            "timeouts": null,
            "zone": "europe-west3-c"
          },
          "sensitive_attributes": [],
          "private": "eyJlMmJmYjczMC1lY2FhLTExZTYtOGY4OC0zNDM2M2JjN2M0YzAiOnsiY3JlYXRlIjoxMjAwMDAwMDAwMDAwLCJkZWxldGUiOjEyMDAwMDAwMDAwMDAsInVwZGF0ZSI6MTIwMDAwMDAwMDAwMH0sInNjaGVtYV92ZXJzaW9uIjoiNiJ9"
        },
        {
          "index_key": 1,
          "schema_version": 6,
          "attributes": {
            "advanced_machine_features": [],
            "allow_stopping_for_update": null,
            "attached_disk": [],
            "boot_disk": [
              {
                "auto_delete": true,
                "device_name": "persistent-disk-0",
                "disk_encryption_key_raw": "",
                "disk_encryption_key_sha256": "",
                "initialize_params": [
                  {
                    "image": "https://www.googleapis.com/compute/v1/projects/ubuntu-os-cloud/global/images/ubuntu-2204-jammy-v20221101a",
                    "labels": {},
                    "size": 40,
                    "type": "pd-standard"
                  }
                ],
                "kms_key_self_link": "",
                "mode": "READ_WRITE",
                "source": "https://www.googleapis.com/compute/v1/projects/csbws2223/zones/europe-west3-c/disks/prometheus-client2"
              }
            ],
            "can_ip_forward": false,
            "confidential_instance_config": [],
            "cpu_platform": "Intel Broadwell",
            "current_status": "RUNNING",
            "deletion_protection": false,
            "description": "",
            "desired_status": null,
            "enable_display": false,
            "guest_accelerator": [],
            "hostname": "",
            "id": "projects/csbws2223/zones/europe-west3-c/instances/prometheus-client2",
            "instance_id": "4572605195054143849",
            "label_fingerprint": "42WmSpB8rSM=",
            "labels": null,
            "machine_type": "e2-medium",
            "metadata": null,
            "metadata_fingerprint": "RforT-_9AxM=",
            "metadata_startup_script": "export DEBIAN_FRONTEND=noninteractive\nsudo apt update\nsudo apt upgrade -y\n\n#install curl\nsudo apt install -y curl\n#grab scripts from bucket\ncurl -X GET \\\n-H \"Authorization: Bearer ya29.a0AVvZVsr3XE02gKiprQVMoZXX01MgU__KKMue6NEmg785g-92EddjYUUYsgT01M4T-0OfxvM8lexNHTdDcN45Ht8xN4BzCRD9gI2FrWok-r2_vVxD5HxKa5-kgUK3Xnoy-0TBYSJMKZRL_VhNrN-700AGQnVOatEaCgYKASsSAQASFQGbdwaIiCj11Y0HTnrFjiZK1Q-y4w0166\" \\\n-o \"/tmp/change_metrics.sh\" \\\n\"https://storage.googleapis.com/storage/v1/b/scriptbucket_retrieval/o/change_metrics.sh?alt=media\"\n\nchmod +x /tmp/change_interval.sh\nchmod +x /tmp/change_metrics.sh\n\n#setup node exporter\nwget https://github.com/prometheus/node_exporter/releases/download/v1.5.0/node_exporter-1.5.0.linux-amd64.tar.gz\ntar xvfz node_exporter-1.5.0.linux-amd64.tar.gz\ncd node_exporter-1.5.0.linux-amd64\nmkdir /var/lib/node_exporter\n./node_exporter --collector.textfile.directory=/var/lib/node_exporter",
            "min_cpu_platform": "",
            "name": "prometheus-client2",
            "network_interface": [
              {
                "access_config": [
                  {
                    "nat_ip": "34.107.109.84",
                    "network_tier": "PREMIUM",
                    "public_ptr_domain_name": ""
                  }
                ],
                "alias_ip_range": [],
                "ipv6_access_config": [],
                "ipv6_access_type": "",
                "name": "nic0",
                "network": "https://www.googleapis.com/compute/v1/projects/csbws2223/global/networks/default",
                "network_ip": "10.156.15.199",
                "nic_type": "",
                "queue_count": 0,
                "stack_type": "IPV4_ONLY",
                "subnetwork": "https://www.googleapis.com/compute/v1/projects/csbws2223/regions/europe-west3/subnetworks/default",
                "subnetwork_project": "csbws2223"
              }
            ],
            "project": "csbws2223",
            "reservation_affinity": [],
            "resource_policies": null,
            "scheduling": [
              {
                "automatic_restart": true,
                "instance_termination_action": "",
                "min_node_cpus": 0,
                "node_affinities": [],
                "on_host_maintenance": "MIGRATE",
                "preemptible": false,
                "provisioning_model": "STANDARD"
              }
            ],
            "scratch_disk": [],
            "self_link": "https://www.googleapis.com/compute/v1/projects/csbws2223/zones/europe-west3-c/instances/prometheus-client2",
            "service_account": [],
            "shielded_instance_config": [
              {
                "enable_integrity_monitoring": true,
                "enable_secure_boot": false,
                "enable_vtpm": true
              }
            ],
            "tags": [
              "http-server",
              "https-server",
              "prometheus"
            ],
            "tags_fingerprint": "CBktl02rJzQ=",
            "timeouts": null,
            "zone": "europe-west3-c"
          },
          "sensitive_attributes": [],
          "private": "eyJlMmJmYjczMC1lY2FhLTExZTYtOGY4OC0zNDM2M2JjN2M0YzAiOnsiY3JlYXRlIjoxMjAwMDAwMDAwMDAwLCJkZWxldGUiOjEyMDAwMDAwMDAwMDAsInVwZGF0ZSI6MTIwMDAwMDAwMDAwMH0sInNjaGVtYV92ZXJzaW9uIjoiNiJ9"
        },
        {
          "index_key": 2,
          "schema_version": 6,
          "attributes": {
            "advanced_machine_features": [],
            "allow_stopping_for_update": null,
            "attached_disk": [],
            "boot_disk": [
              {
                "auto_delete": true,
                "device_name": "persistent-disk-0",
                "disk_encryption_key_raw": "",
                "disk_encryption_key_sha256": "",
                "initialize_params": [
                  {
                    "image": "https://www.googleapis.com/compute/v1/projects/ubuntu-os-cloud/global/images/ubuntu-2204-jammy-v20221101a",
                    "labels": {},
                    "size": 40,
                    "type": "pd-standard"
                  }
                ],
                "kms_key_self_link": "",
                "mode": "READ_WRITE",
                "source": "https://www.googleapis.com/compute/v1/projects/csbws2223/zones/europe-west3-c/disks/prometheus-client3"
              }
            ],
            "can_ip_forward": false,
            "confidential_instance_config": [],
            "cpu_platform": "Intel Broadwell",
            "current_status": "RUNNING",
            "deletion_protection": false,
            "description": "",
            "desired_status": null,
            "enable_display": false,
            "guest_accelerator": [],
            "hostname": "",
            "id": "projects/csbws2223/zones/europe-west3-c/instances/prometheus-client3",
            "instance_id": "4895907595540158825",
            "label_fingerprint": "42WmSpB8rSM=",
            "labels": null,
            "machine_type": "e2-medium",
            "metadata": null,
            "metadata_fingerprint": "RforT-_9AxM=",
            "metadata_startup_script": "export DEBIAN_FRONTEND=noninteractive\nsudo apt update\nsudo apt upgrade -y\n\n#install curl\nsudo apt install -y curl\n#grab scripts from bucket\ncurl -X GET \\\n-H \"Authorization: Bearer ya29.a0AVvZVsr3XE02gKiprQVMoZXX01MgU__KKMue6NEmg785g-92EddjYUUYsgT01M4T-0OfxvM8lexNHTdDcN45Ht8xN4BzCRD9gI2FrWok-r2_vVxD5HxKa5-kgUK3Xnoy-0TBYSJMKZRL_VhNrN-700AGQnVOatEaCgYKASsSAQASFQGbdwaIiCj11Y0HTnrFjiZK1Q-y4w0166\" \\\n-o \"/tmp/change_metrics.sh\" \\\n\"https://storage.googleapis.com/storage/v1/b/scriptbucket_retrieval/o/change_metrics.sh?alt=media\"\n\nchmod +x /tmp/change_interval.sh\nchmod +x /tmp/change_metrics.sh\n\n#setup node exporter\nwget https://github.com/prometheus/node_exporter/releases/download/v1.5.0/node_exporter-1.5.0.linux-amd64.tar.gz\ntar xvfz node_exporter-1.5.0.linux-amd64.tar.gz\ncd node_exporter-1.5.0.linux-amd64\nmkdir /var/lib/node_exporter\n./node_exporter --collector.textfile.directory=/var/lib/node_exporter",
            "min_cpu_platform": "",
            "name": "prometheus-client3",
            "network_interface": [
              {
                "access_config": [
                  {
                    "nat_ip": "34.159.249.168",
                    "network_tier": "PREMIUM",
                    "public_ptr_domain_name": ""
                  }
                ],
                "alias_ip_range": [],
                "ipv6_access_config": [],
                "ipv6_access_type": "",
                "name": "nic0",
                "network": "https://www.googleapis.com/compute/v1/projects/csbws2223/global/networks/default",
                "network_ip": "10.156.15.195",
                "nic_type": "",
                "queue_count": 0,
                "stack_type": "IPV4_ONLY",
                "subnetwork": "https://www.googleapis.com/compute/v1/projects/csbws2223/regions/europe-west3/subnetworks/default",
                "subnetwork_project": "csbws2223"
              }
            ],
            "project": "csbws2223",
            "reservation_affinity": [],
            "resource_policies": null,
            "scheduling": [
              {
                "automatic_restart": true,
                "instance_termination_action": "",
                "min_node_cpus": 0,
                "node_affinities": [],
                "on_host_maintenance": "MIGRATE",
                "preemptible": false,
                "provisioning_model": "STANDARD"
              }
            ],
            "scratch_disk": [],
            "self_link": "https://www.googleapis.com/compute/v1/projects/csbws2223/zones/europe-west3-c/instances/prometheus-client3",
            "service_account": [],
            "shielded_instance_config": [
              {
                "enable_integrity_monitoring": true,
                "enable_secure_boot": false,
                "enable_vtpm": true
              }
            ],
            "tags": [
              "http-server",
              "https-server",
              "prometheus"
            ],
            "tags_fingerprint": "CBktl02rJzQ=",
            "timeouts": null,
            "zone": "europe-west3-c"
          },
          "sensitive_attributes": [],
          "private": "eyJlMmJmYjczMC1lY2FhLTExZTYtOGY4OC0zNDM2M2JjN2M0YzAiOnsiY3JlYXRlIjoxMjAwMDAwMDAwMDAwLCJkZWxldGUiOjEyMDAwMDAwMDAwMDAsInVwZGF0ZSI6MTIwMDAwMDAwMDAwMH0sInNjaGVtYV92ZXJzaW9uIjoiNiJ9"
        },
        {
          "index_key": 3,
          "schema_version": 6,
          "attributes": {
            "advanced_machine_features": [],
            "allow_stopping_for_update": null,
            "attached_disk": [],
            "boot_disk": [
              {
                "auto_delete": true,
                "device_name": "persistent-disk-0",
                "disk_encryption_key_raw": "",
                "disk_encryption_key_sha256": "",
                "initialize_params": [
                  {
                    "image": "https://www.googleapis.com/compute/v1/projects/ubuntu-os-cloud/global/images/ubuntu-2204-jammy-v20221101a",
                    "labels": {},
                    "size": 40,
                    "type": "pd-standard"
                  }
                ],
                "kms_key_self_link": "",
                "mode": "READ_WRITE",
                "source": "https://www.googleapis.com/compute/v1/projects/csbws2223/zones/europe-west3-c/disks/prometheus-client4"
              }
            ],
            "can_ip_forward": false,
            "confidential_instance_config": [],
            "cpu_platform": "Intel Broadwell",
            "current_status": "RUNNING",
            "deletion_protection": false,
            "description": "",
            "desired_status": null,
            "enable_display": false,
            "guest_accelerator": [],
            "hostname": "",
            "id": "projects/csbws2223/zones/europe-west3-c/instances/prometheus-client4",
            "instance_id": "5109283151353403755",
            "label_fingerprint": "42WmSpB8rSM=",
            "labels": null,
            "machine_type": "e2-medium",
            "metadata": null,
            "metadata_fingerprint": "RforT-_9AxM=",
            "metadata_startup_script": "export DEBIAN_FRONTEND=noninteractive\nsudo apt update\nsudo apt upgrade -y\n\n#install curl\nsudo apt install -y curl\n#grab scripts from bucket\ncurl -X GET \\\n-H \"Authorization: Bearer ya29.a0AVvZVsr3XE02gKiprQVMoZXX01MgU__KKMue6NEmg785g-92EddjYUUYsgT01M4T-0OfxvM8lexNHTdDcN45Ht8xN4BzCRD9gI2FrWok-r2_vVxD5HxKa5-kgUK3Xnoy-0TBYSJMKZRL_VhNrN-700AGQnVOatEaCgYKASsSAQASFQGbdwaIiCj11Y0HTnrFjiZK1Q-y4w0166\" \\\n-o \"/tmp/change_metrics.sh\" \\\n\"https://storage.googleapis.com/storage/v1/b/scriptbucket_retrieval/o/change_metrics.sh?alt=media\"\n\nchmod +x /tmp/change_interval.sh\nchmod +x /tmp/change_metrics.sh\n\n#setup node exporter\nwget https://github.com/prometheus/node_exporter/releases/download/v1.5.0/node_exporter-1.5.0.linux-amd64.tar.gz\ntar xvfz node_exporter-1.5.0.linux-amd64.tar.gz\ncd node_exporter-1.5.0.linux-amd64\nmkdir /var/lib/node_exporter\n./node_exporter --collector.textfile.directory=/var/lib/node_exporter",
            "min_cpu_platform": "",
            "name": "prometheus-client4",
            "network_interface": [
              {
                "access_config": [
                  {
                    "nat_ip": "35.246.153.142",
                    "network_tier": "PREMIUM",
                    "public_ptr_domain_name": ""
                  }
                ],
                "alias_ip_range": [],
                "ipv6_access_config": [],
                "ipv6_access_type": "",
                "name": "nic0",
                "network": "https://www.googleapis.com/compute/v1/projects/csbws2223/global/networks/default",
                "network_ip": "10.156.0.62",
                "nic_type": "",
                "queue_count": 0,
                "stack_type": "IPV4_ONLY",
                "subnetwork": "https://www.googleapis.com/compute/v1/projects/csbws2223/regions/europe-west3/subnetworks/default",
                "subnetwork_project": "csbws2223"
              }
            ],
            "project": "csbws2223",
            "reservation_affinity": [],
            "resource_policies": null,
            "scheduling": [
              {
                "automatic_restart": true,
                "instance_termination_action": "",
                "min_node_cpus": 0,
                "node_affinities": [],
                "on_host_maintenance": "MIGRATE",
                "preemptible": false,
                "provisioning_model": "STANDARD"
              }
            ],
            "scratch_disk": [],
            "self_link": "https://www.googleapis.com/compute/v1/projects/csbws2223/zones/europe-west3-c/instances/prometheus-client4",
            "service_account": [],
            "shielded_instance_config": [
              {
                "enable_integrity_monitoring": true,
                "enable_secure_boot": false,
                "enable_vtpm": true
              }
            ],
            "tags": [
              "http-server",
              "https-server",
              "prometheus"
            ],
            "tags_fingerprint": "CBktl02rJzQ=",
            "timeouts": null,
            "zone": "europe-west3-c"
          },
          "sensitive_attributes": [],
          "private": "eyJlMmJmYjczMC1lY2FhLTExZTYtOGY4OC0zNDM2M2JjN2M0YzAiOnsiY3JlYXRlIjoxMjAwMDAwMDAwMDAwLCJkZWxldGUiOjEyMDAwMDAwMDAwMDAsInVwZGF0ZSI6MTIwMDAwMDAwMDAwMH0sInNjaGVtYV92ZXJzaW9uIjoiNiJ9"
        },
        {
          "index_key": 4,
          "schema_version": 6,
          "attributes": {
            "advanced_machine_features": [],
            "allow_stopping_for_update": null,
            "attached_disk": [],
            "boot_disk": [
              {
                "auto_delete": true,
                "device_name": "persistent-disk-0",
                "disk_encryption_key_raw": "",
                "disk_encryption_key_sha256": "",
                "initialize_params": [
                  {
                    "image": "https://www.googleapis.com/compute/v1/projects/ubuntu-os-cloud/global/images/ubuntu-2204-jammy-v20221101a",
                    "labels": {},
                    "size": 40,
                    "type": "pd-standard"
                  }
                ],
                "kms_key_self_link": "",
                "mode": "READ_WRITE",
                "source": "https://www.googleapis.com/compute/v1/projects/csbws2223/zones/europe-west3-c/disks/prometheus-client5"
              }
            ],
            "can_ip_forward": false,
            "confidential_instance_config": [],
            "cpu_platform": "Intel Broadwell",
            "current_status": "RUNNING",
            "deletion_protection": false,
            "description": "",
            "desired_status": null,
            "enable_display": false,
            "guest_accelerator": [],
            "hostname": "",
            "id": "projects/csbws2223/zones/europe-west3-c/instances/prometheus-client5",
            "instance_id": "2619263844178909545",
            "label_fingerprint": "42WmSpB8rSM=",
            "labels": null,
            "machine_type": "e2-medium",
            "metadata": null,
            "metadata_fingerprint": "RforT-_9AxM=",
            "metadata_startup_script": "export DEBIAN_FRONTEND=noninteractive\nsudo apt update\nsudo apt upgrade -y\n\n#install curl\nsudo apt install -y curl\n#grab scripts from bucket\ncurl -X GET \\\n-H \"Authorization: Bearer ya29.a0AVvZVsr3XE02gKiprQVMoZXX01MgU__KKMue6NEmg785g-92EddjYUUYsgT01M4T-0OfxvM8lexNHTdDcN45Ht8xN4BzCRD9gI2FrWok-r2_vVxD5HxKa5-kgUK3Xnoy-0TBYSJMKZRL_VhNrN-700AGQnVOatEaCgYKASsSAQASFQGbdwaIiCj11Y0HTnrFjiZK1Q-y4w0166\" \\\n-o \"/tmp/change_metrics.sh\" \\\n\"https://storage.googleapis.com/storage/v1/b/scriptbucket_retrieval/o/change_metrics.sh?alt=media\"\n\nchmod +x /tmp/change_interval.sh\nchmod +x /tmp/change_metrics.sh\n\n#setup node exporter\nwget https://github.com/prometheus/node_exporter/releases/download/v1.5.0/node_exporter-1.5.0.linux-amd64.tar.gz\ntar xvfz node_exporter-1.5.0.linux-amd64.tar.gz\ncd node_exporter-1.5.0.linux-amd64\nmkdir /var/lib/node_exporter\n./node_exporter --collector.textfile.directory=/var/lib/node_exporter",
            "min_cpu_platform": "",
            "name": "prometheus-client5",
            "network_interface": [
              {
                "access_config": [
                  {
                    "nat_ip": "34.159.241.80",
                    "network_tier": "PREMIUM",
                    "public_ptr_domain_name": ""
                  }
                ],
                "alias_ip_range": [],
                "ipv6_access_config": [],
                "ipv6_access_type": "",
                "name": "nic0",
                "network": "https://www.googleapis.com/compute/v1/projects/csbws2223/global/networks/default",
                "network_ip": "10.156.15.192",
                "nic_type": "",
                "queue_count": 0,
                "stack_type": "IPV4_ONLY",
                "subnetwork": "https://www.googleapis.com/compute/v1/projects/csbws2223/regions/europe-west3/subnetworks/default",
                "subnetwork_project": "csbws2223"
              }
            ],
            "project": "csbws2223",
            "reservation_affinity": [],
            "resource_policies": null,
            "scheduling": [
              {
                "automatic_restart": true,
                "instance_termination_action": "",
                "min_node_cpus": 0,
                "node_affinities": [],
                "on_host_maintenance": "MIGRATE",
                "preemptible": false,
                "provisioning_model": "STANDARD"
              }
            ],
            "scratch_disk": [],
            "self_link": "https://www.googleapis.com/compute/v1/projects/csbws2223/zones/europe-west3-c/instances/prometheus-client5",
            "service_account": [],
            "shielded_instance_config": [
              {
                "enable_integrity_monitoring": true,
                "enable_secure_boot": false,
                "enable_vtpm": true
              }
            ],
            "tags": [
              "http-server",
              "https-server",
              "prometheus"
            ],
            "tags_fingerprint": "CBktl02rJzQ=",
            "timeouts": null,
            "zone": "europe-west3-c"
          },
          "sensitive_attributes": [],
          "private": "eyJlMmJmYjczMC1lY2FhLTExZTYtOGY4OC0zNDM2M2JjN2M0YzAiOnsiY3JlYXRlIjoxMjAwMDAwMDAwMDAwLCJkZWxldGUiOjEyMDAwMDAwMDAwMDAsInVwZGF0ZSI6MTIwMDAwMDAwMDAwMH0sInNjaGVtYV92ZXJzaW9uIjoiNiJ9"
        },
        {
          "index_key": 5,
          "schema_version": 6,
          "attributes": {
            "advanced_machine_features": [],
            "allow_stopping_for_update": null,
            "attached_disk": [],
            "boot_disk": [
              {
                "auto_delete": true,
                "device_name": "persistent-disk-0",
                "disk_encryption_key_raw": "",
                "disk_encryption_key_sha256": "",
                "initialize_params": [
                  {
                    "image": "https://www.googleapis.com/compute/v1/projects/ubuntu-os-cloud/global/images/ubuntu-2204-jammy-v20221101a",
                    "labels": {},
                    "size": 40,
                    "type": "pd-standard"
                  }
                ],
                "kms_key_self_link": "",
                "mode": "READ_WRITE",
                "source": "https://www.googleapis.com/compute/v1/projects/csbws2223/zones/europe-west3-c/disks/prometheus-client6"
              }
            ],
            "can_ip_forward": false,
            "confidential_instance_config": [],
            "cpu_platform": "Intel Broadwell",
            "current_status": "RUNNING",
            "deletion_protection": false,
            "description": "",
            "desired_status": null,
            "enable_display": false,
            "guest_accelerator": [],
            "hostname": "",
            "id": "projects/csbws2223/zones/europe-west3-c/instances/prometheus-client6",
            "instance_id": "5177756908715432297",
            "label_fingerprint": "42WmSpB8rSM=",
            "labels": null,
            "machine_type": "e2-medium",
            "metadata": null,
            "metadata_fingerprint": "RforT-_9AxM=",
            "metadata_startup_script": "export DEBIAN_FRONTEND=noninteractive\nsudo apt update\nsudo apt upgrade -y\n\n#install curl\nsudo apt install -y curl\n#grab scripts from bucket\ncurl -X GET \\\n-H \"Authorization: Bearer ya29.a0AVvZVsr3XE02gKiprQVMoZXX01MgU__KKMue6NEmg785g-92EddjYUUYsgT01M4T-0OfxvM8lexNHTdDcN45Ht8xN4BzCRD9gI2FrWok-r2_vVxD5HxKa5-kgUK3Xnoy-0TBYSJMKZRL_VhNrN-700AGQnVOatEaCgYKASsSAQASFQGbdwaIiCj11Y0HTnrFjiZK1Q-y4w0166\" \\\n-o \"/tmp/change_metrics.sh\" \\\n\"https://storage.googleapis.com/storage/v1/b/scriptbucket_retrieval/o/change_metrics.sh?alt=media\"\n\nchmod +x /tmp/change_interval.sh\nchmod +x /tmp/change_metrics.sh\n\n#setup node exporter\nwget https://github.com/prometheus/node_exporter/releases/download/v1.5.0/node_exporter-1.5.0.linux-amd64.tar.gz\ntar xvfz node_exporter-1.5.0.linux-amd64.tar.gz\ncd node_exporter-1.5.0.linux-amd64\nmkdir /var/lib/node_exporter\n./node_exporter --collector.textfile.directory=/var/lib/node_exporter",
            "min_cpu_platform": "",
            "name": "prometheus-client6",
            "network_interface": [
              {
                "access_config": [
                  {
                    "nat_ip": "34.89.229.56",
                    "network_tier": "PREMIUM",
                    "public_ptr_domain_name": ""
                  }
                ],
                "alias_ip_range": [],
                "ipv6_access_config": [],
                "ipv6_access_type": "",
                "name": "nic0",
                "network": "https://www.googleapis.com/compute/v1/projects/csbws2223/global/networks/default",
                "network_ip": "10.156.15.193",
                "nic_type": "",
                "queue_count": 0,
                "stack_type": "IPV4_ONLY",
                "subnetwork": "https://www.googleapis.com/compute/v1/projects/csbws2223/regions/europe-west3/subnetworks/default",
                "subnetwork_project": "csbws2223"
              }
            ],
            "project": "csbws2223",
            "reservation_affinity": [],
            "resource_policies": null,
            "scheduling": [
              {
                "automatic_restart": true,
                "instance_termination_action": "",
                "min_node_cpus": 0,
                "node_affinities": [],
                "on_host_maintenance": "MIGRATE",
                "preemptible": false,
                "provisioning_model": "STANDARD"
              }
            ],
            "scratch_disk": [],
            "self_link": "https://www.googleapis.com/compute/v1/projects/csbws2223/zones/europe-west3-c/instances/prometheus-client6",
            "service_account": [],
            "shielded_instance_config": [
              {
                "enable_integrity_monitoring": true,
                "enable_secure_boot": false,
                "enable_vtpm": true
              }
            ],
            "tags": [
              "http-server",
              "https-server",
              "prometheus"
            ],
            "tags_fingerprint": "CBktl02rJzQ=",
            "timeouts": null,
            "zone": "europe-west3-c"
          },
          "sensitive_attributes": [],
          "private": "eyJlMmJmYjczMC1lY2FhLTExZTYtOGY4OC0zNDM2M2JjN2M0YzAiOnsiY3JlYXRlIjoxMjAwMDAwMDAwMDAwLCJkZWxldGUiOjEyMDAwMDAwMDAwMDAsInVwZGF0ZSI6MTIwMDAwMDAwMDAwMH0sInNjaGVtYV92ZXJzaW9uIjoiNiJ9"
        },
        {
          "index_key": 6,
          "schema_version": 6,
          "attributes": {
            "advanced_machine_features": [],
            "allow_stopping_for_update": null,
            "attached_disk": [],
            "boot_disk": [
              {
                "auto_delete": true,
                "device_name": "persistent-disk-0",
                "disk_encryption_key_raw": "",
                "disk_encryption_key_sha256": "",
                "initialize_params": [
                  {
                    "image": "https://www.googleapis.com/compute/v1/projects/ubuntu-os-cloud/global/images/ubuntu-2204-jammy-v20221101a",
                    "labels": {},
                    "size": 40,
                    "type": "pd-standard"
                  }
                ],
                "kms_key_self_link": "",
                "mode": "READ_WRITE",
                "source": "https://www.googleapis.com/compute/v1/projects/csbws2223/zones/europe-west3-c/disks/prometheus-client7"
              }
            ],
            "can_ip_forward": false,
            "confidential_instance_config": [],
            "cpu_platform": "Intel Broadwell",
            "current_status": "RUNNING",
            "deletion_protection": false,
            "description": "",
            "desired_status": null,
            "enable_display": false,
            "guest_accelerator": [],
            "hostname": "",
            "id": "projects/csbws2223/zones/europe-west3-c/instances/prometheus-client7",
            "instance_id": "1562903572437195114",
            "label_fingerprint": "42WmSpB8rSM=",
            "labels": null,
            "machine_type": "e2-medium",
            "metadata": null,
            "metadata_fingerprint": "RforT-_9AxM=",
            "metadata_startup_script": "export DEBIAN_FRONTEND=noninteractive\nsudo apt update\nsudo apt upgrade -y\n\n#install curl\nsudo apt install -y curl\n#grab scripts from bucket\ncurl -X GET \\\n-H \"Authorization: Bearer ya29.a0AVvZVsr3XE02gKiprQVMoZXX01MgU__KKMue6NEmg785g-92EddjYUUYsgT01M4T-0OfxvM8lexNHTdDcN45Ht8xN4BzCRD9gI2FrWok-r2_vVxD5HxKa5-kgUK3Xnoy-0TBYSJMKZRL_VhNrN-700AGQnVOatEaCgYKASsSAQASFQGbdwaIiCj11Y0HTnrFjiZK1Q-y4w0166\" \\\n-o \"/tmp/change_metrics.sh\" \\\n\"https://storage.googleapis.com/storage/v1/b/scriptbucket_retrieval/o/change_metrics.sh?alt=media\"\n\nchmod +x /tmp/change_interval.sh\nchmod +x /tmp/change_metrics.sh\n\n#setup node exporter\nwget https://github.com/prometheus/node_exporter/releases/download/v1.5.0/node_exporter-1.5.0.linux-amd64.tar.gz\ntar xvfz node_exporter-1.5.0.linux-amd64.tar.gz\ncd node_exporter-1.5.0.linux-amd64\nmkdir /var/lib/node_exporter\n./node_exporter --collector.textfile.directory=/var/lib/node_exporter",
            "min_cpu_platform": "",
            "name": "prometheus-client7",
            "network_interface": [
              {
                "access_config": [
                  {
                    "nat_ip": "34.89.135.221",
                    "network_tier": "PREMIUM",
                    "public_ptr_domain_name": ""
                  }
                ],
                "alias_ip_range": [],
                "ipv6_access_config": [],
                "ipv6_access_type": "",
                "name": "nic0",
                "network": "https://www.googleapis.com/compute/v1/projects/csbws2223/global/networks/default",
                "network_ip": "10.156.0.63",
                "nic_type": "",
                "queue_count": 0,
                "stack_type": "IPV4_ONLY",
                "subnetwork": "https://www.googleapis.com/compute/v1/projects/csbws2223/regions/europe-west3/subnetworks/default",
                "subnetwork_project": "csbws2223"
              }
            ],
            "project": "csbws2223",
            "reservation_affinity": [],
            "resource_policies": null,
            "scheduling": [
              {
                "automatic_restart": true,
                "instance_termination_action": "",
                "min_node_cpus": 0,
                "node_affinities": [],
                "on_host_maintenance": "MIGRATE",
                "preemptible": false,
                "provisioning_model": "STANDARD"
              }
            ],
            "scratch_disk": [],
            "self_link": "https://www.googleapis.com/compute/v1/projects/csbws2223/zones/europe-west3-c/instances/prometheus-client7",
            "service_account": [],
            "shielded_instance_config": [
              {
                "enable_integrity_monitoring": true,
                "enable_secure_boot": false,
                "enable_vtpm": true
              }
            ],
            "tags": [
              "http-server",
              "https-server",
              "prometheus"
            ],
            "tags_fingerprint": "CBktl02rJzQ=",
            "timeouts": null,
            "zone": "europe-west3-c"
          },
          "sensitive_attributes": [],
          "private": "eyJlMmJmYjczMC1lY2FhLTExZTYtOGY4OC0zNDM2M2JjN2M0YzAiOnsiY3JlYXRlIjoxMjAwMDAwMDAwMDAwLCJkZWxldGUiOjEyMDAwMDAwMDAwMDAsInVwZGF0ZSI6MTIwMDAwMDAwMDAwMH0sInNjaGVtYV92ZXJzaW9uIjoiNiJ9"
        }
      ]
    },
    {
      "mode": "managed",
      "type": "google_compute_instance",
      "name": "prometheus",
      "provider": "provider[\"registry.terraform.io/hashicorp/google\"]",
      "instances": [
        {
          "schema_version": 6,
          "attributes": {
            "advanced_machine_features": [],
            "allow_stopping_for_update": null,
            "attached_disk": [],
            "boot_disk": [
              {
                "auto_delete": true,
                "device_name": "persistent-disk-0",
                "disk_encryption_key_raw": "",
                "disk_encryption_key_sha256": "",
                "initialize_params": [
                  {
                    "image": "https://www.googleapis.com/compute/v1/projects/ubuntu-os-cloud/global/images/ubuntu-2204-jammy-v20221101a",
                    "labels": {},
                    "size": 40,
                    "type": "pd-standard"
                  }
                ],
                "kms_key_self_link": "",
                "mode": "READ_WRITE",
                "source": "https://www.googleapis.com/compute/v1/projects/csbws2223/zones/europe-west3-c/disks/prometheus"
              }
            ],
            "can_ip_forward": false,
            "confidential_instance_config": [],
            "cpu_platform": "Intel Broadwell",
            "current_status": "RUNNING",
            "deletion_protection": false,
            "description": "",
            "desired_status": null,
            "enable_display": false,
            "guest_accelerator": [],
            "hostname": "",
            "id": "projects/csbws2223/zones/europe-west3-c/instances/prometheus",
            "instance_id": "8600473139250387305",
            "label_fingerprint": "42WmSpB8rSM=",
            "labels": null,
            "machine_type": "e2-medium",
            "metadata": null,
            "metadata_fingerprint": "OTw8wNot05w=",
            "metadata_startup_script": "export DEBIAN_FRONTEND=noninteractive\nsudo apt update\nsudo apt upgrade -y\nsudo apt install -y nginx\nrm /etc/nginx/sites-enabled/default\nservice nginx restart\ngroupadd prometheus\nuseradd -s /sbin/nologin --system -g prometheus prometheus\nmkdir /var/lib/prometheus\nfor i in rules rules.d files_sd; do sudo mkdir -p /etc/prometheus/${i}; done\n#install curl\nsudo apt install -y curl\n\n#get script to change targets and change interval\ncurl -X GET \\\n-H \"Authorization: Bearer ya29.a0AVvZVsr3XE02gKiprQVMoZXX01MgU__KKMue6NEmg785g-92EddjYUUYsgT01M4T-0OfxvM8lexNHTdDcN45Ht8xN4BzCRD9gI2FrWok-r2_vVxD5HxKa5-kgUK3Xnoy-0TBYSJMKZRL_VhNrN-700AGQnVOatEaCgYKASsSAQASFQGbdwaIiCj11Y0HTnrFjiZK1Q-y4w0166\" \\\n-o \"/tmp/change_interval.sh\" \\\n\"https://storage.googleapis.com/storage/v1/b/scriptbucket_retrieval/o/change_interval.sh?alt=media\"\ncurl -X GET \\\n  -H \"Authorization: Bearer ya29.a0AVvZVsr3XE02gKiprQVMoZXX01MgU__KKMue6NEmg785g-92EddjYUUYsgT01M4T-0OfxvM8lexNHTdDcN45Ht8xN4BzCRD9gI2FrWok-r2_vVxD5HxKa5-kgUK3Xnoy-0TBYSJMKZRL_VhNrN-700AGQnVOatEaCgYKASsSAQASFQGbdwaIiCj11Y0HTnrFjiZK1Q-y4w0166\" \\\n  -o \"/tmp/change_targets.sh\" \\\n  \"https://storage.googleapis.com/storage/v1/b/scriptbucket_retrieval/o/change_targets.sh?alt=media\"\nchmod +x /tmp/change_targets.sh\nchmod +x /tmp/change_interval.sh\n#install node export on local machine as test \n#install prometheus on the machine\nmkdir -p /tmp/prometheus\ncd ../tmp/prometheus\nwget \"https://github.com/prometheus/prometheus/releases/download/v2.41.0/prometheus-2.41.0.linux-amd64.tar.gz\"\ntar xvf prometheus-2.41.0.linux-amd64.tar.gz\ncd prometheus-2.41.0.linux-amd64/\nmv prometheus /usr/local/bin/\nmv promtool /usr/local/bin\n\n#setup yml file for prometheus\nmv prometheus.yml /etc/prometheus/prometheus.yml\nmv consoles/ console_libraries/ /etc/prometheus/\nmv prometheus.yml /etc/prometheus/prometheus.yml\nmv consoles/ console_libraries/ /etc/prometheus/\n\n#setup service\nsudo tee /etc/systemd/system/prometheus.service\u003c\u003cEOF\n[Unit]\nDescription=Prometheus\nDocumentation=https://prometheus.io/docs/introduction/overview/\nWants=network-online.target\nAfter=network-online.target\n\n[Service]\nType=simple\nUser=prometheus\nGroup=prometheus\nExecReload=/bin/kill -HUP \\$MAINPID\nExecStart=/usr/local/bin/prometheus \\\n  --config.file=/etc/prometheus/prometheus.yml \\\n  --storage.tsdb.path=/var/lib/prometheus \\\n  --web.console.templates=/etc/prometheus/consoles \\\n  --web.console.libraries=/etc/prometheus/console_libraries \\\n  --web.listen-address=0.0.0.0:9090 \\\n  --web.external-url=\n\nSyslogIdentifier=prometheus\nRestart=always\n\n[Install]\nWantedBy=multi-user.target\nEOF\n#change permissions to prom user\nfor i in rules rules.d files_sd; do sudo chown -R prometheus:prometheus /etc/prometheus/${i}; done\nfor i in rules rules.d files_sd; do sudo chmod -R 777 /etc/prometheus/${i}; done\nchown -R prometheus:prometheus /var/lib/prometheus/\n\n#restart systemd and restart prometheus\nsystemctl daemon-reload\nsystemctl unmask prometheus.service\nsystemctl enable prometheus\nsystemctl start prometheus\n\n#setup firewall\nufw allow in \"Nginx Full\"\nufw allow 9090/tcp",
            "min_cpu_platform": "",
            "name": "prometheus",
            "network_interface": [
              {
                "access_config": [
                  {
                    "nat_ip": "35.198.138.241",
                    "network_tier": "PREMIUM",
                    "public_ptr_domain_name": ""
                  }
                ],
                "alias_ip_range": [],
                "ipv6_access_config": [],
                "ipv6_access_type": "",
                "name": "nic0",
                "network": "https://www.googleapis.com/compute/v1/projects/csbws2223/global/networks/default",
                "network_ip": "10.156.15.194",
                "nic_type": "",
                "queue_count": 0,
                "stack_type": "IPV4_ONLY",
                "subnetwork": "https://www.googleapis.com/compute/v1/projects/csbws2223/regions/europe-west3/subnetworks/default",
                "subnetwork_project": "csbws2223"
              }
            ],
            "project": "csbws2223",
            "reservation_affinity": [],
            "resource_policies": null,
            "scheduling": [
              {
                "automatic_restart": true,
                "instance_termination_action": "",
                "min_node_cpus": 0,
                "node_affinities": [],
                "on_host_maintenance": "MIGRATE",
                "preemptible": false,
                "provisioning_model": "STANDARD"
              }
            ],
            "scratch_disk": [],
            "self_link": "https://www.googleapis.com/compute/v1/projects/csbws2223/zones/europe-west3-c/instances/prometheus",
            "service_account": [],
            "shielded_instance_config": [
              {
                "enable_integrity_monitoring": true,
                "enable_secure_boot": false,
                "enable_vtpm": true
              }
            ],
            "tags": [
              "http-server",
              "https-server",
              "prometheus"
            ],
            "tags_fingerprint": "CBktl02rJzQ=",
            "timeouts": null,
            "zone": "europe-west3-c"
          },
          "sensitive_attributes": [],
          "private": "eyJlMmJmYjczMC1lY2FhLTExZTYtOGY4OC0zNDM2M2JjN2M0YzAiOnsiY3JlYXRlIjoxMjAwMDAwMDAwMDAwLCJkZWxldGUiOjEyMDAwMDAwMDAwMDAsInVwZGF0ZSI6MTIwMDAwMDAwMDAwMH0sInNjaGVtYV92ZXJzaW9uIjoiNiJ9"
        }
      ]
    }
  ],
  "check_results": null
}
